{
  "version": 4,
  "terraform_version": "1.11.2",
  "serial": 3,
  "lineage": "389e891e-e979-4e9c-f52a-843043896a2d",
  "outputs": {},
  "resources": [
    {
      "mode": "managed",
      "type": "google_bigquery_dataset",
      "name": "trendflow_dataset",
      "provider": "provider[\"registry.terraform.io/hashicorp/google\"]",
      "instances": [
        {
          "schema_version": 0,
          "attributes": {
            "access": [
              {
                "condition": [],
                "dataset": [],
                "domain": "",
                "group_by_email": "",
                "iam_member": "",
                "role": "OWNER",
                "routine": [],
                "special_group": "",
                "user_by_email": "yongjing.chen@gmail.com",
                "view": []
              },
              {
                "condition": [],
                "dataset": [],
                "domain": "",
                "group_by_email": "",
                "iam_member": "",
                "role": "OWNER",
                "routine": [],
                "special_group": "projectOwners",
                "user_by_email": "",
                "view": []
              },
              {
                "condition": [],
                "dataset": [],
                "domain": "",
                "group_by_email": "",
                "iam_member": "",
                "role": "READER",
                "routine": [],
                "special_group": "projectReaders",
                "user_by_email": "",
                "view": []
              },
              {
                "condition": [],
                "dataset": [],
                "domain": "",
                "group_by_email": "",
                "iam_member": "",
                "role": "WRITER",
                "routine": [],
                "special_group": "projectWriters",
                "user_by_email": "",
                "view": []
              }
            ],
            "creation_time": 1743518258920,
            "dataset_id": "trendflow",
            "default_collation": "",
            "default_encryption_configuration": [],
            "default_partition_expiration_ms": 0,
            "default_table_expiration_ms": 0,
            "delete_contents_on_destroy": false,
            "description": "Dataset for trend tracking",
            "effective_labels": {
              "goog-terraform-provisioned": "true"
            },
            "etag": "PbvmuiDFs+rTW+U8KGUx1w==",
            "external_dataset_reference": [],
            "friendly_name": "TrendFlow Dataset",
            "id": "projects/trendflow-455409/datasets/trendflow",
            "is_case_insensitive": false,
            "labels": null,
            "last_modified_time": 1743518258920,
            "location": "europe-west1",
            "max_time_travel_hours": "168",
            "project": "trendflow-455409",
            "resource_tags": null,
            "self_link": "https://bigquery.googleapis.com/bigquery/v2/projects/trendflow-455409/datasets/trendflow",
            "storage_billing_model": "",
            "terraform_labels": {
              "goog-terraform-provisioned": "true"
            },
            "timeouts": null
          },
          "sensitive_attributes": [],
          "private": "eyJlMmJmYjczMC1lY2FhLTExZTYtOGY4OC0zNDM2M2JjN2M0YzAiOnsiY3JlYXRlIjoxMjAwMDAwMDAwMDAwLCJkZWxldGUiOjEyMDAwMDAwMDAwMDAsInVwZGF0ZSI6MTIwMDAwMDAwMDAwMH19"
        }
      ]
    },
    {
      "mode": "managed",
      "type": "google_bigquery_table",
      "name": "ecommerce_sales_table",
      "provider": "provider[\"registry.terraform.io/hashicorp/google\"]",
      "instances": [
        {
          "schema_version": 0,
          "attributes": {
            "biglake_configuration": [],
            "clustering": null,
            "creation_time": 1743518260717,
            "dataset_id": "trendflow",
            "deletion_protection": true,
            "description": "",
            "effective_labels": {
              "goog-terraform-provisioned": "true"
            },
            "encryption_configuration": [],
            "etag": "wQwcb2I8hv9oXLqcwHwf9g==",
            "expiration_time": 0,
            "external_data_configuration": [],
            "friendly_name": "",
            "id": "projects/trendflow-455409/datasets/trendflow/tables/sales",
            "labels": null,
            "last_modified_time": 1743518260838,
            "location": "europe-west1",
            "materialized_view": [],
            "max_staleness": "",
            "num_bytes": 0,
            "num_long_term_bytes": 0,
            "num_rows": 0,
            "project": "trendflow-455409",
            "range_partitioning": [],
            "require_partition_filter": false,
            "resource_tags": null,
            "schema": "[{\"mode\":\"REQUIRED\",\"name\":\"Date\",\"type\":\"DATE\"},{\"mode\":\"REQUIRED\",\"name\":\"ASIN\",\"type\":\"STRING\"},{\"mode\":\"NULLABLE\",\"name\":\"Qty\",\"type\":\"INTEGER\"},{\"mode\":\"NULLABLE\",\"name\":\"Sales_Channel\",\"type\":\"STRING\"},{\"mode\":\"NULLABLE\",\"name\":\"Category\",\"type\":\"STRING\"}]",
            "self_link": "https://bigquery.googleapis.com/bigquery/v2/projects/trendflow-455409/datasets/trendflow/tables/sales",
            "table_constraints": [],
            "table_id": "sales",
            "table_metadata_view": null,
            "table_replication_info": [],
            "terraform_labels": {
              "goog-terraform-provisioned": "true"
            },
            "time_partitioning": [],
            "type": "TABLE",
            "view": []
          },
          "sensitive_attributes": [],
          "private": "bnVsbA==",
          "dependencies": [
            "google_bigquery_dataset.trendflow_dataset"
          ]
        }
      ]
    }
  ],
  "check_results": null
}
